Microsoft Visual Studio Solution File, Format Version 12.00
# Visual Studio Version 17
VisualStudioVersion = 17.5.2.0
MinimumVisualStudioVersion = 10.0.40219.1
Project("{FAE04EC0-301F-11D3-BF4B-00C04F79EFBC}") = "SatrancApi", "SatrancApi.csproj", "{F04DBC48-1E2F-3E8B-C84F-7C79A5B7E20B}"
EndProject
Global
	GlobalSection(SolutionConfigurationPlatforms) = preSolution
		Debug|Any CPU = Debug|Any CPU
		Release|Any CPU = Release|Any CPU
	EndGlobalSection
	GlobalSection(ProjectConfigurationPlatforms) = postSolution
		{F04DBC48-1E2F-3E8B-C84F-7C79A5B7E20B}.Debug|Any CPU.ActiveCfg = Debug|Any CPU
		{F04DBC48-1E2F-3E8B-C84F-7C79A5B7E20B}.Debug|Any CPU.Build.0 = Debug|Any CPU
		{F04DBC48-1E2F-3E8B-C84F-7C79A5B7E20B}.Release|Any CPU.ActiveCfg = Release|Any CPU
		{F04DBC48-1E2F-3E8B-C84F-7C79A5B7E20B}.Release|Any CPU.Build.0 = Release|Any CPU
	EndGlobalSection
	GlobalSection(SolutionProperties) = preSolution
		HideSolutionNode = FALSE
	EndGlobalSection
	GlobalSection(ExtensibilityGlobals) = postSolution
		SolutionGuid = {812C0646-EB94-4368-97B8-4596928249D5}
	EndGlobalSection
EndGlobal
